{
    "_readme": [
        "This file locks the dependencies of your project to a known state",
        "Read more about it at http://getcomposer.org/doc/01-basic-usage.md#composer-lock-the-lock-file"
    ],
    "hash": "00814ccc82362c2f62551c636f340a6d",
    "packages": [
        {
            "name": "tacoberu/php-process",
            "version": "dev-master",
            "source": {
                "type": "git",
                "url": "https://github.com/tacoberu/php-process.git",
                "reference": "043851ed69ada5dcd634e51eb298ab120676ba47"
            },
            "dist": {
                "type": "zip",
                "url": "https://api.github.com/repos/tacoberu/php-process/zipball/043851ed69ada5dcd634e51eb298ab120676ba47",
                "reference": "043851ed69ada5dcd634e51eb298ab120676ba47",
                "shasum": ""
            },
            "require": {
                "php": ">=5.3.0"
            },
            "type": "library",
            "autoload": {
                "psr-0": {
                    "Taco": "lib/"
                }
            },
            "authors": [
                {
                    "name": "Martin Takáč",
                    "email": "martin@takac.name",
                    "homepage": "http://martin.takac.name"
                }
            ],
            "description": "Wraper nad voláním procesů systému",
            "support": {
                "source": "https://github.com/tacoberu/php-process/tree/master",
                "issues": "https://github.com/tacoberu/php-process/issues"
            },
            "time": "2013-08-29 14:40:23"
        }
    ],
    "packages-dev": [
        {
            "name": "phing/phing",
            "version": "dev-master",
            "source": {
                "type": "git",
                "url": "https://github.com/phingofficial/phing.git",
                "reference": "3f7d71bf561bafea39087250f777b349438cc32e"
            },
            "dist": {
                "type": "zip",
                "url": "https://api.github.com/repos/phingofficial/phing/zipball/3f7d71bf561bafea39087250f777b349438cc32e",
                "reference": "3f7d71bf561bafea39087250f777b349438cc32e",
                "shasum": ""
            },
            "require": {
                "php": ">=5.2.0"
            },
            "bin": [
                "bin/phing"
            ],
            "type": "library",
            "autoload": {
                "classmap": [
                    "classes/phing/"
                ]
            },
            "notification-url": "https://packagist.org/downloads/",
            "include-path": [
                "classes"
            ],
            "license": [
                "LGPL3"
            ],
            "authors": [
                {
                    "name": "Michiel Rook",
                    "email": "mrook@php.net"
                },
                {
                    "name": "Phing Community",
                    "homepage": "http://www.phing.info/trac/wiki/Development/Contributors"
                }
            ],
            "description": "PHing Is Not GNU make; it's a PHP project build system or build tool based on Apache Ant.",
            "homepage": "http://www.phing.info/",
            "keywords": [
                "build",
                "task",
                "tool"
            ],
            "time": "2013-08-26 21:13:03"
        }
    ],
    "aliases": [

    ],
    "minimum-stability": "stable",
    "stability-flags": {
        "tacoberu/php-process": 20,
        "phing/phing": 20
    },
    "platform": {
        "php": ">=5.3.0"
    },
    "platform-dev": [

    ]
}
